// !$*UTF8*$!
{
	archiveVersion = 1;
	classes = {
	};
	objectVersion = 56;
	objects = {

/* Begin PBXBuildFile section */
		A10000000000000000000001 /* SpreadDexApp.swift in Sources */ = {isa = PBXBuildFile; fileRef = B10000000000000000000001 /* SpreadDexApp.swift */; };
		A10000000000000000000002 /* Models.swift in Sources */ = {isa = PBXBuildFile; fileRef = B10000000000000000000002 /* Models.swift */; };
		A10000000000000000000003 /* Appraise.swift in Sources */ = {isa = PBXBuildFile; fileRef = B10000000000000000000003 /* Appraise.swift */; };
		A10000000000000000000004 /* Market.swift in Sources */ = {isa = PBXBuildFile; fileRef = B10000000000000000000004 /* Market.swift */; };
		A10000000000000000000005 /* DeskModel.swift in Sources */ = {isa = PBXBuildFile; fileRef = B10000000000000000000005 /* DeskModel.swift */; };
		A10000000000000000000006 /* ScanView.swift in Sources */ = {isa = PBXBuildFile; fileRef = B10000000000000000000006 /* ScanView.swift */; };
		A10000000000000000000008 /* DeskStore.swift in Sources */ = {isa = PBXBuildFile; fileRef = B10000000000000000000008 /* DeskStore.swift */; };
		A10000000000000000000009 /* AccountApi.swift in Sources */ = {isa = PBXBuildFile; fileRef = B10000000000000000000009 /* AccountApi.swift */; };
		A1000000000000000000000A /* SettingsView.swift in Sources */ = {isa = PBXBuildFile; fileRef = B1000000000000000000000A /* SettingsView.swift */; };
		A1000000000000000000000B /* AccountView.swift in Sources */ = {isa = PBXBuildFile; fileRef = B1000000000000000000000B /* AccountView.swift */; };
		A1000000000000000000000C /* PaidDesks.swift in Sources */ = {isa = PBXBuildFile; fileRef = B1000000000000000000000C /* PaidDesks.swift */; };
/* End PBXBuildFile section */

/* Begin PBXFileReference section */
		B10000000000000000000001 /* SpreadDexApp.swift */ = {isa = PBXFileReference; lastKnownFileType = sourcecode.swift; path = SpreadDexApp.swift; sourceTree = "<group>"; };
		B10000000000000000000002 /* Models.swift */ = {isa = PBXFileReference; lastKnownFileType = sourcecode.swift; path = Models.swift; sourceTree = "<group>"; };
		B10000000000000000000003 /* Appraise.swift */ = {isa = PBXFileReference; lastKnownFileType = sourcecode.swift; path = Appraise.swift; sourceTree = "<group>"; };
		B10000000000000000000004 /* Market.swift */ = {isa = PBXFileReference; lastKnownFileType = sourcecode.swift; path = Market.swift; sourceTree = "<group>"; };
		B10000000000000000000005 /* DeskModel.swift */ = {isa = PBXFileReference; lastKnownFileType = sourcecode.swift; path = DeskModel.swift; sourceTree = "<group>"; };
		B10000000000000000000006 /* ScanView.swift */ = {isa = PBXFileReference; lastKnownFileType = sourcecode.swift; path = ScanView.swift; sourceTree = "<group>"; };
		B10000000000000000000008 /* DeskStore.swift */ = {isa = PBXFileReference; lastKnownFileType = sourcecode.swift; path = DeskStore.swift; sourceTree = "<group>"; };
		B10000000000000000000009 /* AccountApi.swift */ = {isa = PBXFileReference; lastKnownFileType = sourcecode.swift; path = AccountApi.swift; sourceTree = "<group>"; };
		B1000000000000000000000A /* SettingsView.swift */ = {isa = PBXFileReference; lastKnownFileType = sourcecode.swift; path = SettingsView.swift; sourceTree = "<group>"; };
		B1000000000000000000000B /* AccountView.swift */ = {isa = PBXFileReference; lastKnownFileType = sourcecode.swift; path = AccountView.swift; sourceTree = "<group>"; };
		B1000000000000000000000C /* PaidDesks.swift */ = {isa = PBXFileReference; lastKnownFileType = sourcecode.swift; path = PaidDesks.swift; sourceTree = "<group>"; };
		B10000000000000000000010 /* Info.plist */ = {isa = PBXFileReference; lastKnownFileType = text.plist.xml; path = Info.plist; sourceTree = "<group>"; };
		C10000000000000000000001 /* SpreadDex.app */ = {isa = PBXFileReference; explicitFileType = wrapper.application; includeInIndex = 0; path = SpreadDex.app; sourceTree = BUILT_PRODUCTS_DIR; };
/* End PBXFileReference section */

/* Begin PBXFrameworksBuildPhase section */
		D10000000000000000000001 /* Frameworks */ = {
			isa = PBXFrameworksBuildPhase;
			buildActionMask = 2147483647;
			files = (
			);
			runOnlyForDeploymentPostprocessing = 0;
		};
/* End PBXFrameworksBuildPhase section */

/* Begin PBXGroup section */
		E10000000000000000000001 = {
			isa = PBXGroup;
			children = (
				E10000000000000000000002 /* SpreadDex */,
				E10000000000000000000003 /* Products */,
			);
			sourceTree = "<group>";
		};
		E10000000000000000000002 /* SpreadDex */ = {
			isa = PBXGroup;
			children = (
				B10000000000000000000001 /* SpreadDexApp.swift */,
				B10000000000000000000002 /* Models.swift */,
				B10000000000000000000003 /* Appraise.swift */,
				B10000000000000000000004 /* Market.swift */,
				B10000000000000000000005 /* DeskModel.swift */,
				B10000000000000000000006 /* ScanView.swift */,
				B10000000000000000000007 /* AlertsView.swift */,
				B10000000000000000000008 /* DeskStore.swift */,
				B10000000000000000000009 /* AccountApi.swift */,
				B1000000000000000000000A /* SettingsView.swift */,
				B1000000000000000000000B /* AccountView.swift */,
				B1000000000000000000000C /* PaidDesks.swift */,
				B10000000000000000000010 /* Info.plist */,
			);
			path = SpreadDex;
			sourceTree = "<group>";
		};
		E10000000000000000000003 /* Products */ = {
			isa = PBXGroup;
			children = (
				C10000000000000000000001 /* SpreadDex.app */,
			);
			name = Products;
			sourceTree = "<group>";
		};
/* End PBXGroup section */

/* Begin PBXNativeTarget section */
		F10000000000000000000001 /* SpreadDex */ = {
			isa = PBXNativeTarget;
			buildConfigurationList = F10000000000000000000011 /* Build configuration list for PBXNativeTarget "SpreadDex" */;
			buildPhases = (
				F10000000000000000000002 /* Sources */,
				D10000000000000000000001 /* Frameworks */,
				F10000000000000000000003 /* Resources */,
			);
			buildRules = (
			);
			dependencies = (
			);
			name = SpreadDex;
			productName = SpreadDex;
			productReference = C10000000000000000000001 /* SpreadDex.app */;
			productType = "com.apple.product-type.application";
		};
/* End PBXNativeTarget section */

/* Begin PBXProject section */
		F10000000000000000000010 /* Project object */ = {
			isa = PBXProject;
			attributes = {
				BuildIndependentTargetsInParallel = 1;
				LastSwiftUpdateCheck = 1540;
				LastUpgradeCheck = 1540;
				TargetAttributes = {
					F10000000000000000000001 = {
						CreatedOnToolsVersion = 15.4;
					};
				};
			};
			buildConfigurationList = F10000000000000000000012 /* Build configuration list for PBXProject "SpreadDex" */;
			compatibilityVersion = "Xcode 14.0";
			developmentRegion = en;
			hasScannedForEncodings = 0;
			knownRegions = (
				en,
				Base,
			);
			mainGroup = E10000000000000000000001;
			productRefGroup = E10000000000000000000003 /* Products */;
			projectDirPath = "";
			projectRoot = "";
			targets = (
				F10000000000000000000001 /* SpreadDex */,
			);
		};
/* End PBXProject section */

/* Begin PBXResourcesBuildPhase section */
		F10000000000000000000003 /* Resources */ = {
			isa = PBXResourcesBuildPhase;
			buildActionMask = 2147483647;
			files = (
			);
			runOnlyForDeploymentPostprocessing = 0;
		};
/* End PBXResourcesBuildPhase section */

/* Begin PBXSourcesBuildPhase section */
		F10000000000000000000002 /* Sources */ = {
			isa = PBXSourcesBuildPhase;
			buildActionMask = 2147483647;
			files = (
				A10000000000000000000001 /* SpreadDexApp.swift in Sources */,
				A10000000000000000000002 /* Models.swift in Sources */,
				A10000000000000000000003 /* Appraise.swift in Sources */,
				A10000000000000000000004 /* Market.swift in Sources */,
				A10000000000000000000005 /* DeskModel.swift in Sources */,
				A10000000000000000000006 /* ScanView.swift in Sources */,
				A10000000000000000000007 /* AlertsView.swift in Sources */,
				A10000000000000000000008 /* DeskStore.swift in Sources */,
				A10000000000000000000009 /* AccountApi.swift in Sources */,
				A1000000000000000000000A /* SettingsView.swift in Sources */,
				A1000000000000000000000B /* AccountView.swift in Sources */,
				A1000000000000000000000C /* PaidDesks.swift in Sources */,
			);
			runOnlyForDeploymentPostprocessing = 0;
		};
/* End PBXSourcesBuildPhase section */

/* Begin XCBuildConfiguration section */
		F20000000000000000000001 /* Debug */ = {
			isa = XCBuildConfiguration;
			buildSettings = {
				ALWAYS_SEARCH_USER_PATHS = NO;
				CLANG_ENABLE_MODULES = YES;
				CLANG_ENABLE_OBJC_ARC = YES;
				COPY_PHASE_STRIP = NO;
				DEBUG_INFORMATION_FORMAT = dwarf;
				ENABLE_TESTABILITY = YES;
				IPHONEOS_DEPLOYMENT_TARGET = 16.0;
				ONLY_ACTIVE_ARCH = YES;
				SDKROOT = iphoneos;
				SWIFT_ACTIVE_COMPILATION_CONDITIONS = DEBUG;
				SWIFT_OPTIMIZATION_LEVEL = "-Onone";
			};
			name = Debug;
		};
		F20000000000000000000002 /* Release */ = {
			isa = XCBuildConfiguration;
			buildSettings = {
				ALWAYS_SEARCH_USER_PATHS = NO;
				CLANG_ENABLE_MODULES = YES;
				CLANG_ENABLE_OBJC_ARC = YES;
				COPY_PHASE_STRIP = YES;
				DEBUG_INFORMATION_FORMAT = "dwarf-with-dsym";
				IPHONEOS_DEPLOYMENT_TARGET = 16.0;
				SDKROOT = iphoneos;
				SWIFT_COMPILATION_MODE = wholemodule;
				VALIDATE_PRODUCT = YES;
			};
			name = Release;
		};
		F20000000000000000000003 /* Debug */ = {
			isa = XCBuildConfiguration;
			buildSettings = {
				CODE_SIGN_STYLE = Automatic;
				CURRENT_PROJECT_VERSION = 1;
				DEVELOPMENT_TEAM = "";
				GENERATE_INFOPLIST_FILE = NO;
				INFOPLIST_FILE = SpreadDex/Info.plist;
				INFOPLIST_KEY_CFBundleDisplayName = SpreadDex;
				INFOPLIST_KEY_UIApplicationSupportsIndirectInputEvents = YES;
				LD_RUNPATH_SEARCH_PATHS = "$(inherited) @executable_path/Frameworks";
				MARKETING_VERSION = 1.0;
				PRODUCT_BUNDLE_IDENTIFIER = me.grok.spreaddex;
				PRODUCT_NAME = "$(TARGET_NAME)";
				SWIFT_EMIT_LOC_STRINGS = YES;
				SWIFT_VERSION = 5.0;
				TARGETED_DEVICE_FAMILY = "1,2";
			};
			name = Debug;
		};
		F20000000000000000000004 /* Release */ = {
			isa = XCBuildConfiguration;
			buildSettings = {
				CODE_SIGN_STYLE = Automatic;
				CURRENT_PROJECT_VERSION = 1;
				GENERATE_INFOPLIST_FILE = NO;
				INFOPLIST_FILE = SpreadDex/Info.plist;
				LD_RUNPATH_SEARCH_PATHS = "$(inherited) @executable_path/Frameworks";
				MARKETING_VERSION = 1.0;
				PRODUCT_BUNDLE_IDENTIFIER = me.grok.spreaddex;
				PRODUCT_NAME = "$(TARGET_NAME)";
				SWIFT_VERSION = 5.0;
				TARGETED_DEVICE_FAMILY = "1,2";
			};
			name = Release;
		};
/* End XCBuildConfiguration section */

/* Begin XCConfigurationList section */
		F10000000000000000000011 /* Build configuration list for PBXNativeTarget "SpreadDex" */ = {
			isa = XCConfigurationList;
			buildConfigurations = (
				F20000000000000000000003 /* Debug */,
				F20000000000000000000004 /* Release */,
			);
			defaultConfigurationIsVisible = 0;
			defaultConfigurationName = Release;
		};
		F10000000000000000000012 /* Build configuration list for PBXProject "SpreadDex" */ = {
			isa = XCConfigurationList;
			buildConfigurations = (
				F20000000000000000000001 /* Debug */,
				F20000000000000000000002 /* Release */,
			);
			defaultConfigurationIsVisible = 0;
			defaultConfigurationName = Release;
		};
/* End XCConfigurationList section */
	};
	rootObject = F10000000000000000000010 /* Project object */;
}
